// !$*UTF8*$!
{
	archiveVersion = 1;
	classes = {
	};
	objectVersion = 50;
	objects = {

/* Begin PBXBuildFile section */
		CE0E017D255DD5F90046F273 /* RestaurantTableViewController.swift in Sources */ = {isa = PBXBuildFile; fileRef = CE0E017C255DD5F90046F273 /* RestaurantTableViewController.swift */; };
		CE0E017F255DE21E0046F273 /* RestaurantTableViewCell.swift in Sources */ = {isa = PBXBuildFile; fileRef = CE0E017E255DE21E0046F273 /* RestaurantTableViewCell.swift */; };
		CE1CE75625682B58001DFE14 /* Localizable.strings in Resources */ = {isa = PBXBuildFile; fileRef = CE1CE75425682B58001DFE14 /* Localizable.strings */; };
		CE1CE75925682B58001DFE14 /* InfoPlist.strings in Resources */ = {isa = PBXBuildFile; fileRef = CE1CE75725682B58001DFE14 /* InfoPlist.strings */; };
		CE1CE75C25682D0D001DFE14 /* Discover.storyboard in Resources */ = {isa = PBXBuildFile; fileRef = CE1CE75E25682D0D001DFE14 /* Discover.storyboard */; };
		CE23B221255D9D4100B952DC /* AppDelegate.swift in Sources */ = {isa = PBXBuildFile; fileRef = CE23B220255D9D4100B952DC /* AppDelegate.swift */; };
		CE23B223255D9D4100B952DC /* SceneDelegate.swift in Sources */ = {isa = PBXBuildFile; fileRef = CE23B222255D9D4100B952DC /* SceneDelegate.swift */; };
		CE23B228255D9D4100B952DC /* Main.storyboard in Resources */ = {isa = PBXBuildFile; fileRef = CE23B226255D9D4100B952DC /* Main.storyboard */; };
		CE23B22A255D9D4200B952DC /* Assets.xcassets in Resources */ = {isa = PBXBuildFile; fileRef = CE23B229255D9D4200B952DC /* Assets.xcassets */; };
		CE23B22D255D9D4200B952DC /* LaunchScreen.storyboard in Resources */ = {isa = PBXBuildFile; fileRef = CE23B22B255D9D4200B952DC /* LaunchScreen.storyboard */; };
		CE24728C25670EB30072A1CF /* WebViewController.swift in Sources */ = {isa = PBXBuildFile; fileRef = CE24728B25670EB30072A1CF /* WebViewController.swift */; };
		CE45ED4D2564263D00C4AF8E /* RoundedTextField.swift in Sources */ = {isa = PBXBuildFile; fileRef = CE45ED4C2564263D00C4AF8E /* RoundedTextField.swift */; };
		CE45ED4F2564296900C4AF8E /* NewRestaurantController.swift in Sources */ = {isa = PBXBuildFile; fileRef = CE45ED4E2564296900C4AF8E /* NewRestaurantController.swift */; };
		CE50074525681CA600C37AA9 /* DiscoverTableViewCell.swift in Sources */ = {isa = PBXBuildFile; fileRef = CE50074425681CA600C37AA9 /* DiscoverTableViewCell.swift */; };
		CE58882B2562CE1B00AA0ABA /* UIColor+Ext.swift in Sources */ = {isa = PBXBuildFile; fileRef = CE58882A2562CE1B00AA0ABA /* UIColor+Ext.swift */; };
		CE58882D2562CFE300AA0ABA /* UINavigationController+Ext.swift in Sources */ = {isa = PBXBuildFile; fileRef = CE58882C2562CFE300AA0ABA /* UINavigationController+Ext.swift */; };
		CE5888302562D48400AA0ABA /* MapKit.framework in Frameworks */ = {isa = PBXBuildFile; fileRef = CE58882F2562D48400AA0ABA /* MapKit.framework */; };
		CE5888322562D8E500AA0ABA /* RestaurantDetailSeperatorCell.swift in Sources */ = {isa = PBXBuildFile; fileRef = CE5888312562D8E500AA0ABA /* RestaurantDetailSeperatorCell.swift */; };
		CE5888342562D9B400AA0ABA /* RestaurantDetailMapCell.swift in Sources */ = {isa = PBXBuildFile; fileRef = CE5888332562D9B400AA0ABA /* RestaurantDetailMapCell.swift */; };
		CE5888362562E1D500AA0ABA /* MapViewController.swift in Sources */ = {isa = PBXBuildFile; fileRef = CE5888352562E1D500AA0ABA /* MapViewController.swift */; };
		CE6A923725604830009FA8A4 /* Restaurant.swift in Sources */ = {isa = PBXBuildFile; fileRef = CE6A923625604830009FA8A4 /* Restaurant.swift */; };
		CE6A924925605B8F009FA8A4 /* Quicksand-Light.ttf in Resources */ = {isa = PBXBuildFile; fileRef = CE6A924525605B8F009FA8A4 /* Quicksand-Light.ttf */; };
		CE6A924A25605B8F009FA8A4 /* Quicksand-Bold.ttf in Resources */ = {isa = PBXBuildFile; fileRef = CE6A924625605B8F009FA8A4 /* Quicksand-Bold.ttf */; };
		CE6A924B25605B8F009FA8A4 /* Quicksand-Medium.ttf in Resources */ = {isa = PBXBuildFile; fileRef = CE6A924725605B8F009FA8A4 /* Quicksand-Medium.ttf */; };
		CE6A924C25605B8F009FA8A4 /* Quicksand-Regular.ttf in Resources */ = {isa = PBXBuildFile; fileRef = CE6A924825605B8F009FA8A4 /* Quicksand-Regular.ttf */; };
		CE6A924F25605B9D009FA8A4 /* Quicksand-SemiBold.ttf in Resources */ = {isa = PBXBuildFile; fileRef = CE6A924D25605B9C009FA8A4 /* Quicksand-SemiBold.ttf */; };
		CE6A925025605B9D009FA8A4 /* Quicksand-VariableFont_wght.ttf in Resources */ = {isa = PBXBuildFile; fileRef = CE6A924E25605B9D009FA8A4 /* Quicksand-VariableFont_wght.ttf */; };
		CE6A925425608F85009FA8A4 /* RestaurantDetailHeaderView.swift in Sources */ = {isa = PBXBuildFile; fileRef = CE6A925325608F85009FA8A4 /* RestaurantDetailHeaderView.swift */; };
		CE875D9D256332F00056A1D6 /* ReviewViewController.swift in Sources */ = {isa = PBXBuildFile; fileRef = CE875D9C256332F00056A1D6 /* ReviewViewController.swift */; };
		CE9EE93D25647C4F00083710 /* FoodPin.xcdatamodeld in Sources */ = {isa = PBXBuildFile; fileRef = CE9EE93B25647C4F00083710 /* FoodPin.xcdatamodeld */; };
		CEA01FA42561BE6D009C05B8 /* RestaurantDetailIconTextCell.swift in Sources */ = {isa = PBXBuildFile; fileRef = CEA01FA32561BE6D009C05B8 /* RestaurantDetailIconTextCell.swift */; };
		CEA01FA62561BFC4009C05B8 /* RestaurantDetailTextCell.swift in Sources */ = {isa = PBXBuildFile; fileRef = CEA01FA52561BFC4009C05B8 /* RestaurantDetailTextCell.swift */; };
		CEA801C3255F40540036687B /* RestaurantDetailViewController.swift in Sources */ = {isa = PBXBuildFile; fileRef = CEA801C2255F40540036687B /* RestaurantDetailViewController.swift */; };
		CEB204842566B4C500ACC284 /* WalkthroughViewController.swift in Sources */ = {isa = PBXBuildFile; fileRef = CEB204832566B4C500ACC284 /* WalkthroughViewController.swift */; };
		CEB2048C2566CBB800ACC284 /* About.storyboard in Resources */ = {isa = PBXBuildFile; fileRef = CEB2048A2566CBB800ACC284 /* About.storyboard */; };
		CEB204902566CE4F00ACC284 /* AboutTableViewController.swift in Sources */ = {isa = PBXBuildFile; fileRef = CEB2048F2566CE4F00ACC284 /* AboutTableViewController.swift */; };
		CEB8C18F256574C300D0D660 /* Onboarding.storyboard in Resources */ = {isa = PBXBuildFile; fileRef = CEB8C18E256574C300D0D660 /* Onboarding.storyboard */; };
		CEB8C19125657B0C00D0D660 /* WalkthroughContentViewController.swift in Sources */ = {isa = PBXBuildFile; fileRef = CEB8C19025657B0C00D0D660 /* WalkthroughContentViewController.swift */; };
		CEB8C19325657CD800D0D660 /* WalkthroughPageViewController.swift in Sources */ = {isa = PBXBuildFile; fileRef = CEB8C19225657CD800D0D660 /* WalkthroughPageViewController.swift */; };
		CEF7182325671A1200C5FD4E /* CloudKit.framework in Frameworks */ = {isa = PBXBuildFile; fileRef = CEF7182225671A1200C5FD4E /* CloudKit.framework */; };
		CEF718262567236100C5FD4E /* DiscoverTableViewController.swift in Sources */ = {isa = PBXBuildFile; fileRef = CEF718252567236100C5FD4E /* DiscoverTableViewController.swift */; };
/* End PBXBuildFile section */

/* Begin PBXFileReference section */
		CE0E017C255DD5F90046F273 /* RestaurantTableViewController.swift */ = {isa = PBXFileReference; lastKnownFileType = sourcecode.swift; path = RestaurantTableViewController.swift; sourceTree = "<group>"; };
		CE0E017E255DE21E0046F273 /* RestaurantTableViewCell.swift */ = {isa = PBXFileReference; lastKnownFileType = sourcecode.swift; path = RestaurantTableViewCell.swift; sourceTree = "<group>"; };
		CE1CE75525682B58001DFE14 /* zh-Hant */ = {isa = PBXFileReference; lastKnownFileType = text.plist.strings; name = "zh-Hant"; path = "zh-Hant.lproj/Localizable.strings"; sourceTree = "<group>"; };
		CE1CE75825682B58001DFE14 /* zh-Hant */ = {isa = PBXFileReference; lastKnownFileType = text.plist.strings; name = "zh-Hant"; path = "zh-Hant.lproj/InfoPlist.strings"; sourceTree = "<group>"; };
		CE1CE75A25682B99001DFE14 /* de */ = {isa = PBXFileReference; lastKnownFileType = text.plist.strings; name = de; path = de.lproj/InfoPlist.strings; sourceTree = "<group>"; };
		CE1CE75B25682B99001DFE14 /* de */ = {isa = PBXFileReference; lastKnownFileType = text.plist.strings; name = de; path = de.lproj/Localizable.strings; sourceTree = "<group>"; };
		CE1CE75D25682D0D001DFE14 /* Base */ = {isa = PBXFileReference; lastKnownFileType = file.storyboard; name = Base; path = Base.lproj/Discover.storyboard; sourceTree = "<group>"; };
		CE1CE76025682D29001DFE14 /* zh-Hant */ = {isa = PBXFileReference; lastKnownFileType = text.plist.strings; name = "zh-Hant"; path = "zh-Hant.lproj/Discover.strings"; sourceTree = "<group>"; };
		CE1CE76225682D29001DFE14 /* de */ = {isa = PBXFileReference; lastKnownFileType = text.plist.strings; name = de; path = de.lproj/Discover.strings; sourceTree = "<group>"; };
		CE23B21D255D9D4100B952DC /* SAFoodie.app */ = {isa = PBXFileReference; explicitFileType = wrapper.application; includeInIndex = 0; path = SAFoodie.app; sourceTree = BUILT_PRODUCTS_DIR; };
		CE23B220255D9D4100B952DC /* AppDelegate.swift */ = {isa = PBXFileReference; lastKnownFileType = sourcecode.swift; path = AppDelegate.swift; sourceTree = "<group>"; };
		CE23B222255D9D4100B952DC /* SceneDelegate.swift */ = {isa = PBXFileReference; lastKnownFileType = sourcecode.swift; path = SceneDelegate.swift; sourceTree = "<group>"; };
		CE23B227255D9D4100B952DC /* Base */ = {isa = PBXFileReference; lastKnownFileType = file.storyboard; name = Base; path = Base.lproj/Main.storyboard; sourceTree = "<group>"; };
		CE23B229255D9D4200B952DC /* Assets.xcassets */ = {isa = PBXFileReference; lastKnownFileType = folder.assetcatalog; path = Assets.xcassets; sourceTree = "<group>"; };
		CE23B22C255D9D4200B952DC /* Base */ = {isa = PBXFileReference; lastKnownFileType = file.storyboard; name = Base; path = Base.lproj/LaunchScreen.storyboard; sourceTree = "<group>"; };
		CE23B22E255D9D4200B952DC /* Info.plist */ = {isa = PBXFileReference; lastKnownFileType = text.plist.xml; path = Info.plist; sourceTree = "<group>"; };
		CE24728B25670EB30072A1CF /* WebViewController.swift */ = {isa = PBXFileReference; lastKnownFileType = sourcecode.swift; path = WebViewController.swift; sourceTree = "<group>"; };
		CE45ED4C2564263D00C4AF8E /* RoundedTextField.swift */ = {isa = PBXFileReference; lastKnownFileType = sourcecode.swift; path = RoundedTextField.swift; sourceTree = "<group>"; };
		CE45ED4E2564296900C4AF8E /* NewRestaurantController.swift */ = {isa = PBXFileReference; lastKnownFileType = sourcecode.swift; path = NewRestaurantController.swift; sourceTree = "<group>"; };
		CE50074425681CA600C37AA9 /* DiscoverTableViewCell.swift */ = {isa = PBXFileReference; lastKnownFileType = sourcecode.swift; path = DiscoverTableViewCell.swift; sourceTree = "<group>"; };
		CE500746256826E700C37AA9 /* zh-Hant */ = {isa = PBXFileReference; lastKnownFileType = text.plist.strings; name = "zh-Hant"; path = "zh-Hant.lproj/Main.strings"; sourceTree = "<group>"; };
		CE500747256826E700C37AA9 /* zh-Hant */ = {isa = PBXFileReference; lastKnownFileType = text.plist.strings; name = "zh-Hant"; path = "FoodPin/Storyboard/zh-Hant.lproj/About.strings"; sourceTree = "<group>"; };
		CE500748256826E800C37AA9 /* zh-Hant */ = {isa = PBXFileReference; lastKnownFileType = text.plist.strings; name = "zh-Hant"; path = "zh-Hant.lproj/LaunchScreen.strings"; sourceTree = "<group>"; };
		CE500749256826F900C37AA9 /* de */ = {isa = PBXFileReference; lastKnownFileType = text.plist.strings; name = de; path = de.lproj/Main.strings; sourceTree = "<group>"; };
		CE50074A256826F900C37AA9 /* de */ = {isa = PBXFileReference; lastKnownFileType = text.plist.strings; name = de; path = FoodPin/Storyboard/de.lproj/About.strings; sourceTree = "<group>"; };
		CE50074B256826F900C37AA9 /* de */ = {isa = PBXFileReference; lastKnownFileType = text.plist.strings; name = de; path = de.lproj/LaunchScreen.strings; sourceTree = "<group>"; };
		CE58882A2562CE1B00AA0ABA /* UIColor+Ext.swift */ = {isa = PBXFileReference; lastKnownFileType = sourcecode.swift; path = "UIColor+Ext.swift"; sourceTree = "<group>"; };
		CE58882C2562CFE300AA0ABA /* UINavigationController+Ext.swift */ = {isa = PBXFileReference; lastKnownFileType = sourcecode.swift; path = "UINavigationController+Ext.swift"; sourceTree = "<group>"; };
		CE58882F2562D48400AA0ABA /* MapKit.framework */ = {isa = PBXFileReference; lastKnownFileType = wrapper.framework; name = MapKit.framework; path = System/Library/Frameworks/MapKit.framework; sourceTree = SDKROOT; };
		CE5888312562D8E500AA0ABA /* RestaurantDetailSeperatorCell.swift */ = {isa = PBXFileReference; lastKnownFileType = sourcecode.swift; path = RestaurantDetailSeperatorCell.swift; sourceTree = "<group>"; };
		CE5888332562D9B400AA0ABA /* RestaurantDetailMapCell.swift */ = {isa = PBXFileReference; lastKnownFileType = sourcecode.swift; path = RestaurantDetailMapCell.swift; sourceTree = "<group>"; };
		CE5888352562E1D500AA0ABA /* MapViewController.swift */ = {isa = PBXFileReference; lastKnownFileType = sourcecode.swift; path = MapViewController.swift; sourceTree = "<group>"; };
		CE6A923625604830009FA8A4 /* Restaurant.swift */ = {isa = PBXFileReference; lastKnownFileType = sourcecode.swift; path = Restaurant.swift; sourceTree = "<group>"; };
		CE6A924525605B8F009FA8A4 /* Quicksand-Light.ttf */ = {isa = PBXFileReference; lastKnownFileType = file; path = "Quicksand-Light.ttf"; sourceTree = "<group>"; };
		CE6A924625605B8F009FA8A4 /* Quicksand-Bold.ttf */ = {isa = PBXFileReference; lastKnownFileType = file; path = "Quicksand-Bold.ttf"; sourceTree = "<group>"; };
		CE6A924725605B8F009FA8A4 /* Quicksand-Medium.ttf */ = {isa = PBXFileReference; lastKnownFileType = file; path = "Quicksand-Medium.ttf"; sourceTree = "<group>"; };
		CE6A924825605B8F009FA8A4 /* Quicksand-Regular.ttf */ = {isa = PBXFileReference; lastKnownFileType = file; path = "Quicksand-Regular.ttf"; sourceTree = "<group>"; };
		CE6A924D25605B9C009FA8A4 /* Quicksand-SemiBold.ttf */ = {isa = PBXFileReference; lastKnownFileType = file; path = "Quicksand-SemiBold.ttf"; sourceTree = "<group>"; };
		CE6A924E25605B9D009FA8A4 /* Quicksand-VariableFont_wght.ttf */ = {isa = PBXFileReference; lastKnownFileType = file; path = "Quicksand-VariableFont_wght.ttf"; sourceTree = "<group>"; };
		CE6A925325608F85009FA8A4 /* RestaurantDetailHeaderView.swift */ = {isa = PBXFileReference; lastKnownFileType = sourcecode.swift; path = RestaurantDetailHeaderView.swift; sourceTree = "<group>"; };
		CE875D9C256332F00056A1D6 /* ReviewViewController.swift */ = {isa = PBXFileReference; lastKnownFileType = sourcecode.swift; path = ReviewViewController.swift; sourceTree = "<group>"; };
		CE9EE93C25647C4F00083710 /* FoodPin.xcdatamodel */ = {isa = PBXFileReference; lastKnownFileType = wrapper.xcdatamodel; path = FoodPin.xcdatamodel; sourceTree = "<group>"; };
		CEA01FA32561BE6D009C05B8 /* RestaurantDetailIconTextCell.swift */ = {isa = PBXFileReference; lastKnownFileType = sourcecode.swift; path = RestaurantDetailIconTextCell.swift; sourceTree = "<group>"; };
		CEA01FA52561BFC4009C05B8 /* RestaurantDetailTextCell.swift */ = {isa = PBXFileReference; lastKnownFileType = sourcecode.swift; path = RestaurantDetailTextCell.swift; sourceTree = "<group>"; };
		CEA801C2255F40540036687B /* RestaurantDetailViewController.swift */ = {isa = PBXFileReference; lastKnownFileType = sourcecode.swift; path = RestaurantDetailViewController.swift; sourceTree = "<group>"; };
		CEB204832566B4C500ACC284 /* WalkthroughViewController.swift */ = {isa = PBXFileReference; lastKnownFileType = sourcecode.swift; path = WalkthroughViewController.swift; sourceTree = "<group>"; };
		CEB2048B2566CBB800ACC284 /* Base */ = {isa = PBXFileReference; lastKnownFileType = file.storyboard; name = Base; path = FoodPin/Storyboard/Base.lproj/About.storyboard; sourceTree = "<group>"; };
		CEB2048F2566CE4F00ACC284 /* AboutTableViewController.swift */ = {isa = PBXFileReference; lastKnownFileType = sourcecode.swift; path = AboutTableViewController.swift; sourceTree = "<group>"; };
		CEB8C18E256574C300D0D660 /* Onboarding.storyboard */ = {isa = PBXFileReference; lastKnownFileType = file.storyboard; path = Onboarding.storyboard; sourceTree = "<group>"; };
		CEB8C19025657B0C00D0D660 /* WalkthroughContentViewController.swift */ = {isa = PBXFileReference; lastKnownFileType = sourcecode.swift; path = WalkthroughContentViewController.swift; sourceTree = "<group>"; };
		CEB8C19225657CD800D0D660 /* WalkthroughPageViewController.swift */ = {isa = PBXFileReference; lastKnownFileType = sourcecode.swift; path = WalkthroughPageViewController.swift; sourceTree = "<group>"; };
		CEF7182225671A1200C5FD4E /* CloudKit.framework */ = {isa = PBXFileReference; lastKnownFileType = wrapper.framework; name = CloudKit.framework; path = System/Library/Frameworks/CloudKit.framework; sourceTree = SDKROOT; };
		CEF7182425671C7E00C5FD4E /* SAFoodie.entitlements */ = {isa = PBXFileReference; lastKnownFileType = text.plist.entitlements; path = SAFoodie.entitlements; sourceTree = "<group>"; };
		CEF718252567236100C5FD4E /* DiscoverTableViewController.swift */ = {isa = PBXFileReference; lastKnownFileType = sourcecode.swift; path = DiscoverTableViewController.swift; sourceTree = "<group>"; };
/* End PBXFileReference section */

/* Begin PBXFrameworksBuildPhase section */
		CE23B21A255D9D4100B952DC /* Frameworks */ = {
			isa = PBXFrameworksBuildPhase;
			buildActionMask = 2147483647;
			files = (
				CE5888302562D48400AA0ABA /* MapKit.framework in Frameworks */,
				CEF7182325671A1200C5FD4E /* CloudKit.framework in Frameworks */,
			);
			runOnlyForDeploymentPostprocessing = 0;
		};
/* End PBXFrameworksBuildPhase section */

/* Begin PBXGroup section */
		CE23B214255D9D4100B952DC = {
			isa = PBXGroup;
			children = (
				CE23B21F255D9D4100B952DC /* FoodPin */,
				CE23B21E255D9D4100B952DC /* Products */,
				CE58882E2562D48400AA0ABA /* Frameworks */,
			);
			sourceTree = "<group>";
		};
		CE23B21E255D9D4100B952DC /* Products */ = {
			isa = PBXGroup;
			children = (
				CE23B21D255D9D4100B952DC /* SAFoodie.app */,
			);
			name = Products;
			sourceTree = "<group>";
		};
		CE23B21F255D9D4100B952DC /* FoodPin */ = {
			isa = PBXGroup;
			children = (
				CEF7182425671C7E00C5FD4E /* SAFoodie.entitlements */,
				CE5888292562CDFA00AA0ABA /* Extensions */,
				CE6A923D25605AEA009FA8A4 /* Resources */,
				CE6A923B256054F6009FA8A4 /* View */,
				CE6A923A256054E0009FA8A4 /* Model */,
				CE6A9239256054D0009FA8A4 /* Storyboard */,
				CE6A923825605494009FA8A4 /* Controller */,
				CE23B220255D9D4100B952DC /* AppDelegate.swift */,
				CE23B222255D9D4100B952DC /* SceneDelegate.swift */,
				CE23B229255D9D4200B952DC /* Assets.xcassets */,
				CE23B22E255D9D4200B952DC /* Info.plist */,
				CE1CE75725682B58001DFE14 /* InfoPlist.strings */,
				CE1CE75425682B58001DFE14 /* Localizable.strings */,
				CE9EE93B25647C4F00083710 /* FoodPin.xcdatamodeld */,
			);
			path = FoodPin;
			sourceTree = "<group>";
		};
		CE5888292562CDFA00AA0ABA /* Extensions */ = {
			isa = PBXGroup;
			children = (
				CE58882A2562CE1B00AA0ABA /* UIColor+Ext.swift */,
				CE58882C2562CFE300AA0ABA /* UINavigationController+Ext.swift */,
			);
			path = Extensions;
			sourceTree = "<group>";
		};
		CE58882E2562D48400AA0ABA /* Frameworks */ = {
			isa = PBXGroup;
			children = (
				CEF7182225671A1200C5FD4E /* CloudKit.framework */,
				CE58882F2562D48400AA0ABA /* MapKit.framework */,
			);
			name = Frameworks;
			sourceTree = "<group>";
		};
		CE6A923825605494009FA8A4 /* Controller */ = {
			isa = PBXGroup;
			children = (
				CE0E017C255DD5F90046F273 /* RestaurantTableViewController.swift */,
				CE5888352562E1D500AA0ABA /* MapViewController.swift */,
				CE875D9C256332F00056A1D6 /* ReviewViewController.swift */,
				CE45ED4E2564296900C4AF8E /* NewRestaurantController.swift */,
				CEB8C19025657B0C00D0D660 /* WalkthroughContentViewController.swift */,
				CEB8C19225657CD800D0D660 /* WalkthroughPageViewController.swift */,
				CEB204832566B4C500ACC284 /* WalkthroughViewController.swift */,
				CEB2048F2566CE4F00ACC284 /* AboutTableViewController.swift */,
				CE24728B25670EB30072A1CF /* WebViewController.swift */,
				CEF718252567236100C5FD4E /* DiscoverTableViewController.swift */,
				CEA801C2255F40540036687B /* RestaurantDetailViewController.swift */,
			);
			path = Controller;
			sourceTree = "<group>";
		};
		CE6A9239256054D0009FA8A4 /* Storyboard */ = {
			isa = PBXGroup;
			children = (
				CE23B226255D9D4100B952DC /* Main.storyboard */,
				CEB2048A2566CBB800ACC284 /* About.storyboard */,
				CE1CE75E25682D0D001DFE14 /* Discover.storyboard */,
				CE23B22B255D9D4200B952DC /* LaunchScreen.storyboard */,
				CEB8C18E256574C300D0D660 /* Onboarding.storyboard */,
			);
			path = Storyboard;
			sourceTree = "<group>";
		};
		CE6A923A256054E0009FA8A4 /* Model */ = {
			isa = PBXGroup;
			children = (
				CE6A923625604830009FA8A4 /* Restaurant.swift */,
			);
			path = Model;
			sourceTree = "<group>";
		};
		CE6A923B256054F6009FA8A4 /* View */ = {
			isa = PBXGroup;
			children = (
				CE0E017E255DE21E0046F273 /* RestaurantTableViewCell.swift */,
				CE6A925325608F85009FA8A4 /* RestaurantDetailHeaderView.swift */,
				CEA01FA32561BE6D009C05B8 /* RestaurantDetailIconTextCell.swift */,
				CEA01FA52561BFC4009C05B8 /* RestaurantDetailTextCell.swift */,
				CE5888312562D8E500AA0ABA /* RestaurantDetailSeperatorCell.swift */,
				CE5888332562D9B400AA0ABA /* RestaurantDetailMapCell.swift */,
				CE45ED4C2564263D00C4AF8E /* RoundedTextField.swift */,
				CE50074425681CA600C37AA9 /* DiscoverTableViewCell.swift */,
			);
			path = View;
			sourceTree = "<group>";
		};
		CE6A923D25605AEA009FA8A4 /* Resources */ = {
			isa = PBXGroup;
			children = (
				CE6A923E25605B03009FA8A4 /* Fonts */,
			);
			path = Resources;
			sourceTree = "<group>";
		};
		CE6A923E25605B03009FA8A4 /* Fonts */ = {
			isa = PBXGroup;
			children = (
				CE6A924D25605B9C009FA8A4 /* Quicksand-SemiBold.ttf */,
				CE6A924E25605B9D009FA8A4 /* Quicksand-VariableFont_wght.ttf */,
				CE6A924625605B8F009FA8A4 /* Quicksand-Bold.ttf */,
				CE6A924525605B8F009FA8A4 /* Quicksand-Light.ttf */,
				CE6A924725605B8F009FA8A4 /* Quicksand-Medium.ttf */,
				CE6A924825605B8F009FA8A4 /* Quicksand-Regular.ttf */,
			);
			path = Fonts;
			sourceTree = "<group>";
		};
/* End PBXGroup section */

/* Begin PBXNativeTarget section */
		CE23B21C255D9D4100B952DC /* FoodPin */ = {
			isa = PBXNativeTarget;
			buildConfigurationList = CE23B231255D9D4200B952DC /* Build configuration list for PBXNativeTarget "FoodPin" */;
			buildPhases = (
				CE23B219255D9D4100B952DC /* Sources */,
				CE23B21A255D9D4100B952DC /* Frameworks */,
				CE23B21B255D9D4100B952DC /* Resources */,
			);
			buildRules = (
			);
			dependencies = (
			);
			name = FoodPin;
			productName = FoodPin;
			productReference = CE23B21D255D9D4100B952DC /* SAFoodie.app */;
			productType = "com.apple.product-type.application";
		};
/* End PBXNativeTarget section */

/* Begin PBXProject section */
		CE23B215255D9D4100B952DC /* Project object */ = {
			isa = PBXProject;
			attributes = {
				LastSwiftUpdateCheck = 1130;
				LastUpgradeCheck = 1130;
				ORGANIZATIONNAME = "Blaine Beltran";
				TargetAttributes = {
					CE23B21C255D9D4100B952DC = {
						CreatedOnToolsVersion = 11.3;
					};
				};
			};
			buildConfigurationList = CE23B218255D9D4100B952DC /* Build configuration list for PBXProject "FoodPin" */;
			compatibilityVersion = "Xcode 9.3";
			developmentRegion = en;
			hasScannedForEncodings = 0;
			knownRegions = (
				en,
				Base,
				"zh-Hant",
				de,
			);
			mainGroup = CE23B214255D9D4100B952DC;
			productRefGroup = CE23B21E255D9D4100B952DC /* Products */;
			projectDirPath = "";
			projectRoot = "";
			targets = (
				CE23B21C255D9D4100B952DC /* FoodPin */,
			);
		};
/* End PBXProject section */

/* Begin PBXResourcesBuildPhase section */
		CE23B21B255D9D4100B952DC /* Resources */ = {
			isa = PBXResourcesBuildPhase;
			buildActionMask = 2147483647;
			files = (
				CE23B22D255D9D4200B952DC /* LaunchScreen.storyboard in Resources */,
				CE1CE75925682B58001DFE14 /* InfoPlist.strings in Resources */,
				CEB8C18F256574C300D0D660 /* Onboarding.storyboard in Resources */,
				CE6A924F25605B9D009FA8A4 /* Quicksand-SemiBold.ttf in Resources */,
				CE23B22A255D9D4200B952DC /* Assets.xcassets in Resources */,
				CE6A924C25605B8F009FA8A4 /* Quicksand-Regular.ttf in Resources */,
				CE1CE75C25682D0D001DFE14 /* Discover.storyboard in Resources */,
				CEB2048C2566CBB800ACC284 /* About.storyboard in Resources */,
				CE23B228255D9D4100B952DC /* Main.storyboard in Resources */,
				CE6A924925605B8F009FA8A4 /* Quicksand-Light.ttf in Resources */,
				CE1CE75625682B58001DFE14 /* Localizable.strings in Resources */,
				CE6A924A25605B8F009FA8A4 /* Quicksand-Bold.ttf in Resources */,
				CE6A925025605B9D009FA8A4 /* Quicksand-VariableFont_wght.ttf in Resources */,
				CE6A924B25605B8F009FA8A4 /* Quicksand-Medium.ttf in Resources */,
			);
			runOnlyForDeploymentPostprocessing = 0;
		};
/* End PBXResourcesBuildPhase section */

/* Begin PBXSourcesBuildPhase section */
		CE23B219255D9D4100B952DC /* Sources */ = {
			isa = PBXSourcesBuildPhase;
			buildActionMask = 2147483647;
			files = (
				CE58882D2562CFE300AA0ABA /* UINavigationController+Ext.swift in Sources */,
				CE0E017F255DE21E0046F273 /* RestaurantTableViewCell.swift in Sources */,
				CEB8C19325657CD800D0D660 /* WalkthroughPageViewController.swift in Sources */,
				CE875D9D256332F00056A1D6 /* ReviewViewController.swift in Sources */,
				CEA01FA62561BFC4009C05B8 /* RestaurantDetailTextCell.swift in Sources */,
				CE50074525681CA600C37AA9 /* DiscoverTableViewCell.swift in Sources */,
				CE0E017D255DD5F90046F273 /* RestaurantTableViewController.swift in Sources */,
				CE6A923725604830009FA8A4 /* Restaurant.swift in Sources */,
				CEF718262567236100C5FD4E /* DiscoverTableViewController.swift in Sources */,
				CE6A925425608F85009FA8A4 /* RestaurantDetailHeaderView.swift in Sources */,
				CEA801C3255F40540036687B /* RestaurantDetailViewController.swift in Sources */,
				CE45ED4F2564296900C4AF8E /* NewRestaurantController.swift in Sources */,
				CE5888322562D8E500AA0ABA /* RestaurantDetailSeperatorCell.swift in Sources */,
				CE5888342562D9B400AA0ABA /* RestaurantDetailMapCell.swift in Sources */,
				CEB204902566CE4F00ACC284 /* AboutTableViewController.swift in Sources */,
				CE23B221255D9D4100B952DC /* AppDelegate.swift in Sources */,
				CE24728C25670EB30072A1CF /* WebViewController.swift in Sources */,
				CEB8C19125657B0C00D0D660 /* WalkthroughContentViewController.swift in Sources */,
				CE45ED4D2564263D00C4AF8E /* RoundedTextField.swift in Sources */,
				CEB204842566B4C500ACC284 /* WalkthroughViewController.swift in Sources */,
				CE58882B2562CE1B00AA0ABA /* UIColor+Ext.swift in Sources */,
				CE23B223255D9D4100B952DC /* SceneDelegate.swift in Sources */,
				CEA01FA42561BE6D009C05B8 /* RestaurantDetailIconTextCell.swift in Sources */,
				CE5888362562E1D500AA0ABA /* MapViewController.swift in Sources */,
				CE9EE93D25647C4F00083710 /* FoodPin.xcdatamodeld in Sources */,
			);
			runOnlyForDeploymentPostprocessing = 0;
		};
/* End PBXSourcesBuildPhase section */

/* Begin PBXVariantGroup section */
		CE1CE75425682B58001DFE14 /* Localizable.strings */ = {
			isa = PBXVariantGroup;
			children = (
				CE1CE75525682B58001DFE14 /* zh-Hant */,
				CE1CE75B25682B99001DFE14 /* de */,
			);
			name = Localizable.strings;
			sourceTree = "<group>";
		};
		CE1CE75725682B58001DFE14 /* InfoPlist.strings */ = {
			isa = PBXVariantGroup;
			children = (
				CE1CE75825682B58001DFE14 /* zh-Hant */,
				CE1CE75A25682B99001DFE14 /* de */,
			);
			name = InfoPlist.strings;
			sourceTree = "<group>";
		};
		CE1CE75E25682D0D001DFE14 /* Discover.storyboard */ = {
			isa = PBXVariantGroup;
			children = (
				CE1CE75D25682D0D001DFE14 /* Base */,
				CE1CE76025682D29001DFE14 /* zh-Hant */,
				CE1CE76225682D29001DFE14 /* de */,
			);
			name = Discover.storyboard;
			sourceTree = "<group>";
		};
		CE23B226255D9D4100B952DC /* Main.storyboard */ = {
			isa = PBXVariantGroup;
			children = (
				CE23B227255D9D4100B952DC /* Base */,
				CE500746256826E700C37AA9 /* zh-Hant */,
				CE500749256826F900C37AA9 /* de */,
			);
			name = Main.storyboard;
			sourceTree = "<group>";
		};
		CE23B22B255D9D4200B952DC /* LaunchScreen.storyboard */ = {
			isa = PBXVariantGroup;
			children = (
				CE23B22C255D9D4200B952DC /* Base */,
				CE500748256826E800C37AA9 /* zh-Hant */,
				CE50074B256826F900C37AA9 /* de */,
			);
			name = LaunchScreen.storyboard;
			sourceTree = "<group>";
		};
		CEB2048A2566CBB800ACC284 /* About.storyboard */ = {
			isa = PBXVariantGroup;
			children = (
				CEB2048B2566CBB800ACC284 /* Base */,
				CE500747256826E700C37AA9 /* zh-Hant */,
				CE50074A256826F900C37AA9 /* de */,
			);
			name = About.storyboard;
			sourceTree = "<group>";
		};
/* End PBXVariantGroup section */

/* Begin XCBuildConfiguration section */
		CE23B22F255D9D4200B952DC /* Debug */ = {
			isa = XCBuildConfiguration;
			buildSettings = {
				ALWAYS_SEARCH_USER_PATHS = NO;
				CLANG_ANALYZER_LOCALIZABILITY_NONLOCALIZED = YES;
				CLANG_ANALYZER_NONNULL = YES;
				CLANG_ANALYZER_NUMBER_OBJECT_CONVERSION = YES_AGGRESSIVE;
				CLANG_CXX_LANGUAGE_STANDARD = "gnu++14";
				CLANG_CXX_LIBRARY = "libc++";
				CLANG_ENABLE_MODULES = YES;
				CLANG_ENABLE_OBJC_ARC = YES;
				CLANG_ENABLE_OBJC_WEAK = YES;
				CLANG_WARN_BLOCK_CAPTURE_AUTORELEASING = YES;
				CLANG_WARN_BOOL_CONVERSION = YES;
				CLANG_WARN_COMMA = YES;
				CLANG_WARN_CONSTANT_CONVERSION = YES;
				CLANG_WARN_DEPRECATED_OBJC_IMPLEMENTATIONS = YES;
				CLANG_WARN_DIRECT_OBJC_ISA_USAGE = YES_ERROR;
				CLANG_WARN_DOCUMENTATION_COMMENTS = YES;
				CLANG_WARN_EMPTY_BODY = YES;
				CLANG_WARN_ENUM_CONVERSION = YES;
				CLANG_WARN_INFINITE_RECURSION = YES;
				CLANG_WARN_INT_CONVERSION = YES;
				CLANG_WARN_NON_LITERAL_NULL_CONVERSION = YES;
				CLANG_WARN_OBJC_IMPLICIT_RETAIN_SELF = YES;
				CLANG_WARN_OBJC_LITERAL_CONVERSION = YES;
				CLANG_WARN_OBJC_ROOT_CLASS = YES_ERROR;
				CLANG_WARN_RANGE_LOOP_ANALYSIS = YES;
				CLANG_WARN_STRICT_PROTOTYPES = YES;
				CLANG_WARN_SUSPICIOUS_MOVE = YES;
				CLANG_WARN_UNGUARDED_AVAILABILITY = YES_AGGRESSIVE;
				CLANG_WARN_UNREACHABLE_CODE = YES;
				CLANG_WARN__DUPLICATE_METHOD_MATCH = YES;
				COPY_PHASE_STRIP = NO;
				DEBUG_INFORMATION_FORMAT = dwarf;
				ENABLE_STRICT_OBJC_MSGSEND = YES;
				ENABLE_TESTABILITY = YES;
				GCC_C_LANGUAGE_STANDARD = gnu11;
				GCC_DYNAMIC_NO_PIC = NO;
				GCC_NO_COMMON_BLOCKS = YES;
				GCC_OPTIMIZATION_LEVEL = 0;
				GCC_PREPROCESSOR_DEFINITIONS = (
					"DEBUG=1",
					"$(inherited)",
				);
				GCC_WARN_64_TO_32_BIT_CONVERSION = YES;
				GCC_WARN_ABOUT_RETURN_TYPE = YES_ERROR;
				GCC_WARN_UNDECLARED_SELECTOR = YES;
				GCC_WARN_UNINITIALIZED_AUTOS = YES_AGGRESSIVE;
				GCC_WARN_UNUSED_FUNCTION = YES;
				GCC_WARN_UNUSED_VARIABLE = YES;
				IPHONEOS_DEPLOYMENT_TARGET = 13.2;
				MTL_ENABLE_DEBUG_INFO = INCLUDE_SOURCE;
				MTL_FAST_MATH = YES;
				ONLY_ACTIVE_ARCH = YES;
				SDKROOT = iphoneos;
				SWIFT_ACTIVE_COMPILATION_CONDITIONS = DEBUG;
				SWIFT_OPTIMIZATION_LEVEL = "-Onone";
			};
			name = Debug;
		};
		CE23B230255D9D4200B952DC /* Release */ = {
			isa = XCBuildConfiguration;
			buildSettings = {
				ALWAYS_SEARCH_USER_PATHS = NO;
				CLANG_ANALYZER_LOCALIZABILITY_NONLOCALIZED = YES;
				CLANG_ANALYZER_NONNULL = YES;
				CLANG_ANALYZER_NUMBER_OBJECT_CONVERSION = YES_AGGRESSIVE;
				CLANG_CXX_LANGUAGE_STANDARD = "gnu++14";
				CLANG_CXX_LIBRARY = "libc++";
				CLANG_ENABLE_MODULES = YES;
				CLANG_ENABLE_OBJC_ARC = YES;
				CLANG_ENABLE_OBJC_WEAK = YES;
				CLANG_WARN_BLOCK_CAPTURE_AUTORELEASING = YES;
				CLANG_WARN_BOOL_CONVERSION = YES;
				CLANG_WARN_COMMA = YES;
				CLANG_WARN_CONSTANT_CONVERSION = YES;
				CLANG_WARN_DEPRECATED_OBJC_IMPLEMENTATIONS = YES;
				CLANG_WARN_DIRECT_OBJC_ISA_USAGE = YES_ERROR;
				CLANG_WARN_DOCUMENTATION_COMMENTS = YES;
				CLANG_WARN_EMPTY_BODY = YES;
				CLANG_WARN_ENUM_CONVERSION = YES;
				CLANG_WARN_INFINITE_RECURSION = YES;
				CLANG_WARN_INT_CONVERSION = YES;
				CLANG_WARN_NON_LITERAL_NULL_CONVERSION = YES;
				CLANG_WARN_OBJC_IMPLICIT_RETAIN_SELF = YES;
				CLANG_WARN_OBJC_LITERAL_CONVERSION = YES;
				CLANG_WARN_OBJC_ROOT_CLASS = YES_ERROR;
				CLANG_WARN_RANGE_LOOP_ANALYSIS = YES;
				CLANG_WARN_STRICT_PROTOTYPES = YES;
				CLANG_WARN_SUSPICIOUS_MOVE = YES;
				CLANG_WARN_UNGUARDED_AVAILABILITY = YES_AGGRESSIVE;
				CLANG_WARN_UNREACHABLE_CODE = YES;
				CLANG_WARN__DUPLICATE_METHOD_MATCH = YES;
				COPY_PHASE_STRIP = NO;
				DEBUG_INFORMATION_FORMAT = "dwarf-with-dsym";
				ENABLE_NS_ASSERTIONS = NO;
				ENABLE_STRICT_OBJC_MSGSEND = YES;
				GCC_C_LANGUAGE_STANDARD = gnu11;
				GCC_NO_COMMON_BLOCKS = YES;
				GCC_WARN_64_TO_32_BIT_CONVERSION = YES;
				GCC_WARN_ABOUT_RETURN_TYPE = YES_ERROR;
				GCC_WARN_UNDECLARED_SELECTOR = YES;
				GCC_WARN_UNINITIALIZED_AUTOS = YES_AGGRESSIVE;
				GCC_WARN_UNUSED_FUNCTION = YES;
				GCC_WARN_UNUSED_VARIABLE = YES;
				IPHONEOS_DEPLOYMENT_TARGET = 13.2;
				MTL_ENABLE_DEBUG_INFO = NO;
				MTL_FAST_MATH = YES;
				SDKROOT = iphoneos;
				SWIFT_COMPILATION_MODE = wholemodule;
				SWIFT_OPTIMIZATION_LEVEL = "-O";
				VALIDATE_PRODUCT = YES;
			};
			name = Release;
		};
		CE23B232255D9D4200B952DC /* Debug */ = {
			isa = XCBuildConfiguration;
			buildSettings = {
				ASSETCATALOG_COMPILER_APPICON_NAME = AppIcon;
				CODE_SIGN_ENTITLEMENTS = FoodPin/SAFoodie.entitlements;
				CODE_SIGN_STYLE = Automatic;
				DEVELOPMENT_TEAM = GP3JFMJA3W;
				INFOPLIST_FILE = FoodPin/Info.plist;
				LD_RUNPATH_SEARCH_PATHS = (
					"$(inherited)",
					"@executable_path/Frameworks",
				);
				PRODUCT_BUNDLE_IDENTIFIER = Blaine.FoodPin;
				PRODUCT_NAME = SAFoodie;
				SWIFT_VERSION = 5.0;
				TARGETED_DEVICE_FAMILY = "1,2";
			};
			name = Debug;
		};
		CE23B233255D9D4200B952DC /* Release */ = {
			isa = XCBuildConfiguration;
			buildSettings = {
				ASSETCATALOG_COMPILER_APPICON_NAME = AppIcon;
				CODE_SIGN_ENTITLEMENTS = FoodPin/SAFoodie.entitlements;
				CODE_SIGN_STYLE = Automatic;
				DEVELOPMENT_TEAM = GP3JFMJA3W;
				INFOPLIST_FILE = FoodPin/Info.plist;
				LD_RUNPATH_SEARCH_PATHS = (
					"$(inherited)",
					"@executable_path/Frameworks",
				);
				PRODUCT_BUNDLE_IDENTIFIER = Blaine.FoodPin;
				PRODUCT_NAME = SAFoodie;
				SWIFT_VERSION = 5.0;
				TARGETED_DEVICE_FAMILY = "1,2";
			};
			name = Release;
		};
/* End XCBuildConfiguration section */

/* Begin XCConfigurationList section */
		CE23B218255D9D4100B952DC /* Build configuration list for PBXProject "FoodPin" */ = {
			isa = XCConfigurationList;
			buildConfigurations = (
				CE23B22F255D9D4200B952DC /* Debug */,
				CE23B230255D9D4200B952DC /* Release */,
			);
			defaultConfigurationIsVisible = 0;
			defaultConfigurationName = Release;
		};
		CE23B231255D9D4200B952DC /* Build configuration list for PBXNativeTarget "FoodPin" */ = {
			isa = XCConfigurationList;
			buildConfigurations = (
				CE23B232255D9D4200B952DC /* Debug */,
				CE23B233255D9D4200B952DC /* Release */,
			);
			defaultConfigurationIsVisible = 0;
			defaultConfigurationName = Release;
		};
/* End XCConfigurationList section */

/* Begin XCVersionGroup section */
		CE9EE93B25647C4F00083710 /* FoodPin.xcdatamodeld */ = {
			isa = XCVersionGroup;
			children = (
				CE9EE93C25647C4F00083710 /* FoodPin.xcdatamodel */,
			);
			currentVersion = CE9EE93C25647C4F00083710 /* FoodPin.xcdatamodel */;
			path = FoodPin.xcdatamodeld;
			sourceTree = "<group>";
			versionGroupType = wrapper.xcdatamodel;
		};
/* End XCVersionGroup section */
	};
	rootObject = CE23B215255D9D4100B952DC /* Project object */;
}
